
Microsoft Visual Studio Solution File, Format Version 12.00
# Visual Studio Version 16
VisualStudioVersion = 16.0.31005.135
MinimumVisualStudioVersion = 10.0.40219.1
Project("{9A19103F-16F7-4668-BE54-9A1E7A4F7556}") = "DataAccess", "DataAccess\DataAccess.csproj", "{455A2F82-ED1B-4E67-8773-32E11606A07C}"
EndProject
Project("{9A19103F-16F7-4668-BE54-9A1E7A4F7556}") = "Business", "Business\Business.csproj", "{4A3E6ECA-B848-47DC-BA97-4725E97C2952}"
EndProject
Project("{9A19103F-16F7-4668-BE54-9A1E7A4F7556}") = "ConsoleUI", "ConsoleUI\ConsoleUI.csproj", "{5F27ADA0-1087-4FBB-89A2-05E1A5FF9235}"
EndProject
Project("{9A19103F-16F7-4668-BE54-9A1E7A4F7556}") = "Entities", "Entities\Entities.csproj", "{7995C1B2-9AC8-4A06-9428-D3401C922D38}"
EndProject
Project("{FAE04EC0-301F-11D3-BF4B-00C04F79EFBC}") = "Core", "Core\Core.csproj", "{8DA217B5-32E1-4CDB-96EE-6AA60B518EC9}"
EndProject
Global
	GlobalSection(SolutionConfigurationPlatforms) = preSolution
		Debug|Any CPU = Debug|Any CPU
		Release|Any CPU = Release|Any CPU
	EndGlobalSection
	GlobalSection(ProjectConfigurationPlatforms) = postSolution
		{455A2F82-ED1B-4E67-8773-32E11606A07C}.Debug|Any CPU.ActiveCfg = Debug|Any CPU
		{455A2F82-ED1B-4E67-8773-32E11606A07C}.Debug|Any CPU.Build.0 = Debug|Any CPU
		{455A2F82-ED1B-4E67-8773-32E11606A07C}.Release|Any CPU.ActiveCfg = Release|Any CPU
		{455A2F82-ED1B-4E67-8773-32E11606A07C}.Release|Any CPU.Build.0 = Release|Any CPU
		{4A3E6ECA-B848-47DC-BA97-4725E97C2952}.Debug|Any CPU.ActiveCfg = Debug|Any CPU
		{4A3E6ECA-B848-47DC-BA97-4725E97C2952}.Debug|Any CPU.Build.0 = Debug|Any CPU
		{4A3E6ECA-B848-47DC-BA97-4725E97C2952}.Release|Any CPU.ActiveCfg = Release|Any CPU
		{4A3E6ECA-B848-47DC-BA97-4725E97C2952}.Release|Any CPU.Build.0 = Release|Any CPU
		{5F27ADA0-1087-4FBB-89A2-05E1A5FF9235}.Debug|Any CPU.ActiveCfg = Debug|Any CPU
		{5F27ADA0-1087-4FBB-89A2-05E1A5FF9235}.Debug|Any CPU.Build.0 = Debug|Any CPU
		{5F27ADA0-1087-4FBB-89A2-05E1A5FF9235}.Release|Any CPU.ActiveCfg = Release|Any CPU
		{5F27ADA0-1087-4FBB-89A2-05E1A5FF9235}.Release|Any CPU.Build.0 = Release|Any CPU
		{7995C1B2-9AC8-4A06-9428-D3401C922D38}.Debug|Any CPU.ActiveCfg = Debug|Any CPU
		{7995C1B2-9AC8-4A06-9428-D3401C922D38}.Debug|Any CPU.Build.0 = Debug|Any CPU
		{7995C1B2-9AC8-4A06-9428-D3401C922D38}.Release|Any CPU.ActiveCfg = Release|Any CPU
		{7995C1B2-9AC8-4A06-9428-D3401C922D38}.Release|Any CPU.Build.0 = Release|Any CPU
		{8DA217B5-32E1-4CDB-96EE-6AA60B518EC9}.Debug|Any CPU.ActiveCfg = Debug|Any CPU
		{8DA217B5-32E1-4CDB-96EE-6AA60B518EC9}.Debug|Any CPU.Build.0 = Debug|Any CPU
		{8DA217B5-32E1-4CDB-96EE-6AA60B518EC9}.Release|Any CPU.ActiveCfg = Release|Any CPU
		{8DA217B5-32E1-4CDB-96EE-6AA60B518EC9}.Release|Any CPU.Build.0 = Release|Any CPU
	EndGlobalSection
	GlobalSection(SolutionProperties) = preSolution
		HideSolutionNode = FALSE
	EndGlobalSection
	GlobalSection(ExtensibilityGlobals) = postSolution
		SolutionGuid = {6D947DDA-B838-46C9-9801-51C5317D0F0F}
	EndGlobalSection
EndGlobal
